{
  "object": {
    "pins": [
      {
        "package": "BirdbrainBLE",
        "repositoryURL": "git@github.com:chrisbartley/BirdbrainBLE.git",
        "state": {
          "branch": null,
          "revision": "1f048c7d44f126ef54947ff74d25c0c5a88f6459",
          "version": "0.6.1"
        }
      },
      {
        "package": "BuzzBLE",
        "repositoryURL": "git@github.com:chrisbartley/BuzzBLE.git",
        "state": {
          "branch": "master",
          "revision": "fe19d4e1b1b2076cd0abb906ed806c6ab17d8a51",
          "version": null
        }
      }
    ]
  },
  "version": 1
}
