{
  "object": {
    "pins": [
      {
        "package": "BirdbrainBLE",
        "repositoryURL": "git@github.com:chrisbartley/BirdbrainBLE.git",
        "state": {
          "branch": null,
          "revision": "b9284b52f08c820a26d8d441792ab7b1c144d73f",
          "version": "0.7.0"
        }
      },
      {
        "package": "BuzzBLE",
        "repositoryURL": "git@github.com:chrisbartley/BuzzBLE.git",
        "state": {
          "branch": null,
          "revision": "8372279c51c1dc2a5d83277aa7665809de66b230",
          "version": "0.9.0"
        }
      }
    ]
  },
  "version": 1
}
